
Microsoft Visual Studio Solution File, Format Version 12.00
# Visual Studio 15
VisualStudioVersion = 15.0.28307.757
MinimumVisualStudioVersion = 10.0.40219.1
Project("{FAE04EC0-301F-11D3-BF4B-00C04F79EFBC}") = "WebApiTest", "WebApiTest\WebApiTest.csproj", "{3BF9B769-D046-4F95-831E-44E2A116CD71}"
EndProject
Global
	GlobalSection(SolutionConfigurationPlatforms) = preSolution
		Debug|Any CPU = Debug|Any CPU
		Release|Any CPU = Release|Any CPU
	EndGlobalSection
	GlobalSection(ProjectConfigurationPlatforms) = postSolution
		{3BF9B769-D046-4F95-831E-44E2A116CD71}.Debug|Any CPU.ActiveCfg = Debug|Any CPU
		{3BF9B769-D046-4F95-831E-44E2A116CD71}.Debug|Any CPU.Build.0 = Debug|Any CPU
		{3BF9B769-D046-4F95-831E-44E2A116CD71}.Release|Any CPU.ActiveCfg = Release|Any CPU
		{3BF9B769-D046-4F95-831E-44E2A116CD71}.Release|Any CPU.Build.0 = Release|Any CPU
	EndGlobalSection
	GlobalSection(SolutionProperties) = preSolution
		HideSolutionNode = FALSE
	EndGlobalSection
	GlobalSection(ExtensibilityGlobals) = postSolution
		SolutionGuid = {ED7DFDD7-CA61-4FFB-9D83-D1156C68838B}
	EndGlobalSection
EndGlobal
